
Microsoft Visual Studio Solution File, Format Version 12.00
# Visual Studio Version 16
VisualStudioVersion = 16.0.29409.12
MinimumVisualStudioVersion = 10.0.40219.1
Project("{FAE04EC0-301F-11D3-BF4B-00C04F79EFBC}") = "StudentApplication", "StudentApplication\StudentApplication.csproj", "{DA07798A-1675-4B1F-8C59-DF501B9C86F9}"
EndProject
Global
	GlobalSection(SolutionConfigurationPlatforms) = preSolution
		Debug|Any CPU = Debug|Any CPU
		Release|Any CPU = Release|Any CPU
	EndGlobalSection
	GlobalSection(ProjectConfigurationPlatforms) = postSolution
		{DA07798A-1675-4B1F-8C59-DF501B9C86F9}.Debug|Any CPU.ActiveCfg = Debug|Any CPU
		{DA07798A-1675-4B1F-8C59-DF501B9C86F9}.Debug|Any CPU.Build.0 = Debug|Any CPU
		{DA07798A-1675-4B1F-8C59-DF501B9C86F9}.Release|Any CPU.ActiveCfg = Release|Any CPU
		{DA07798A-1675-4B1F-8C59-DF501B9C86F9}.Release|Any CPU.Build.0 = Release|Any CPU
	EndGlobalSection
	GlobalSection(SolutionProperties) = preSolution
		HideSolutionNode = FALSE
	EndGlobalSection
	GlobalSection(ExtensibilityGlobals) = postSolution
		SolutionGuid = {4D0654B8-5CD8-4AF8-901C-B9F6D422A0FA}
	EndGlobalSection
EndGlobal
